
Microsoft Visual Studio Solution File, Format Version 12.00
# Visual Studio 2013
VisualStudioVersion = 12.0.30501.0
MinimumVisualStudioVersion = 10.0.40219.1
Project("{FAE04EC0-301F-11D3-BF4B-00C04F79EFBC}") = "Server", "Server\Server.csproj", "{6F35FBBC-0F7F-48C7-86F6-477B75BD44C1}"
EndProject
Project("{FAE04EC0-301F-11D3-BF4B-00C04F79EFBC}") = "Common", "Common\Common.csproj", "{25DF8D4E-7EA9-4388-832E-A33530EC6A30}"
EndProject
Global
	GlobalSection(SolutionConfigurationPlatforms) = preSolution
		Debug|Any CPU = Debug|Any CPU
		Release|Any CPU = Release|Any CPU
	EndGlobalSection
	GlobalSection(ProjectConfigurationPlatforms) = postSolution
		{6F35FBBC-0F7F-48C7-86F6-477B75BD44C1}.Debug|Any CPU.ActiveCfg = Debug|Any CPU
		{6F35FBBC-0F7F-48C7-86F6-477B75BD44C1}.Debug|Any CPU.Build.0 = Debug|Any CPU
		{6F35FBBC-0F7F-48C7-86F6-477B75BD44C1}.Release|Any CPU.ActiveCfg = Release|Any CPU
		{6F35FBBC-0F7F-48C7-86F6-477B75BD44C1}.Release|Any CPU.Build.0 = Release|Any CPU
		{25DF8D4E-7EA9-4388-832E-A33530EC6A30}.Debug|Any CPU.ActiveCfg = Debug|Any CPU
		{25DF8D4E-7EA9-4388-832E-A33530EC6A30}.Debug|Any CPU.Build.0 = Debug|Any CPU
		{25DF8D4E-7EA9-4388-832E-A33530EC6A30}.Release|Any CPU.ActiveCfg = Release|Any CPU
		{25DF8D4E-7EA9-4388-832E-A33530EC6A30}.Release|Any CPU.Build.0 = Release|Any CPU
	EndGlobalSection
	GlobalSection(SolutionProperties) = preSolution
		HideSolutionNode = FALSE
	EndGlobalSection
EndGlobal
